
Microsoft Visual Studio Solution File, Format Version 12.00
# Visual Studio Version 16
VisualStudioVersion = 16.0.29709.97
MinimumVisualStudioVersion = 10.0.40219.1
Project("{FAE04EC0-301F-11D3-BF4B-00C04F79EFBC}") = "Vidly", "Vidly\Vidly.csproj", "{08E8B247-B27E-4EA3-AAA6-199A02F8C3C0}"
EndProject
Global
	GlobalSection(SolutionConfigurationPlatforms) = preSolution
		Debug|Any CPU = Debug|Any CPU
		Release|Any CPU = Release|Any CPU
	EndGlobalSection
	GlobalSection(ProjectConfigurationPlatforms) = postSolution
		{08E8B247-B27E-4EA3-AAA6-199A02F8C3C0}.Debug|Any CPU.ActiveCfg = Debug|Any CPU
		{08E8B247-B27E-4EA3-AAA6-199A02F8C3C0}.Debug|Any CPU.Build.0 = Debug|Any CPU
		{08E8B247-B27E-4EA3-AAA6-199A02F8C3C0}.Release|Any CPU.ActiveCfg = Release|Any CPU
		{08E8B247-B27E-4EA3-AAA6-199A02F8C3C0}.Release|Any CPU.Build.0 = Release|Any CPU
	EndGlobalSection
	GlobalSection(SolutionProperties) = preSolution
		HideSolutionNode = FALSE
	EndGlobalSection
	GlobalSection(ExtensibilityGlobals) = postSolution
		SolutionGuid = {794AE842-9267-4C15-8D14-FF840E5ADAC8}
	EndGlobalSection
EndGlobal
